// !$*UTF8*$!
{
	archiveVersion = 1;
	classes = {
	};
	objectVersion = 46;
	objects = {

/* Begin PBXBuildFile section */
		20C5B2CFF4F481E48047C7DA /* libPods-HNLVideo.a in Frameworks */ = {isa = PBXBuildFile; fileRef = 1C09E0757FE55A0EC5C3CA8D /* libPods-HNLVideo.a */; };
		E9149CAE1E66BCDB00953394 /* HNLCoreDataManager.m in Sources */ = {isa = PBXBuildFile; fileRef = E9149CAD1E66BCDB00953394 /* HNLCoreDataManager.m */; };
		E91B1D101E5C510800CF46E8 /* main.m in Sources */ = {isa = PBXBuildFile; fileRef = E91B1D0F1E5C510800CF46E8 /* main.m */; };
		E91B1D131E5C510800CF46E8 /* AppDelegate.m in Sources */ = {isa = PBXBuildFile; fileRef = E91B1D121E5C510800CF46E8 /* AppDelegate.m */; };
		E91B1D161E5C510800CF46E8 /* ViewController.m in Sources */ = {isa = PBXBuildFile; fileRef = E91B1D151E5C510800CF46E8 /* ViewController.m */; };
		E91B1D191E5C510800CF46E8 /* Main.storyboard in Resources */ = {isa = PBXBuildFile; fileRef = E91B1D171E5C510800CF46E8 /* Main.storyboard */; };
		E91B1D1C1E5C510800CF46E8 /* HNLVideo.xcdatamodeld in Sources */ = {isa = PBXBuildFile; fileRef = E91B1D1A1E5C510800CF46E8 /* HNLVideo.xcdatamodeld */; };
		E91B1D1E1E5C510800CF46E8 /* Assets.xcassets in Resources */ = {isa = PBXBuildFile; fileRef = E91B1D1D1E5C510800CF46E8 /* Assets.xcassets */; };
		E91B1D211E5C510800CF46E8 /* LaunchScreen.storyboard in Resources */ = {isa = PBXBuildFile; fileRef = E91B1D1F1E5C510800CF46E8 /* LaunchScreen.storyboard */; };
		E91B1D2C1E5C510800CF46E8 /* HNLVideoTests.m in Sources */ = {isa = PBXBuildFile; fileRef = E91B1D2B1E5C510800CF46E8 /* HNLVideoTests.m */; };
		E91B1D371E5C510800CF46E8 /* HNLVideoUITests.m in Sources */ = {isa = PBXBuildFile; fileRef = E91B1D361E5C510800CF46E8 /* HNLVideoUITests.m */; };
		E9F84F271E6D0F0800A2BCA8 /* SMBasePlayViewController.m in Sources */ = {isa = PBXBuildFile; fileRef = E9F84F261E6D0F0800A2BCA8 /* SMBasePlayViewController.m */; };
		E9F84F2A1E6D0FF900A2BCA8 /* SMPlayViewController.m in Sources */ = {isa = PBXBuildFile; fileRef = E9F84F291E6D0FF900A2BCA8 /* SMPlayViewController.m */; };
		E9F84F2D1E6D335800A2BCA8 /* SMBaseViewController.m in Sources */ = {isa = PBXBuildFile; fileRef = E9F84F2C1E6D335800A2BCA8 /* SMBaseViewController.m */; };
		E9F84F301E6D33BE00A2BCA8 /* SMBaseTableViewController.m in Sources */ = {isa = PBXBuildFile; fileRef = E9F84F2F1E6D33BE00A2BCA8 /* SMBaseTableViewController.m */; };
		E9F84F331E6D33F800A2BCA8 /* SMTeachingListViewController.m in Sources */ = {isa = PBXBuildFile; fileRef = E9F84F321E6D33F800A2BCA8 /* SMTeachingListViewController.m */; };
		E9F84F491E6D392900A2BCA8 /* SMUICommon.m in Sources */ = {isa = PBXBuildFile; fileRef = E9F84F481E6D392900A2BCA8 /* SMUICommon.m */; };
/* End PBXBuildFile section */

/* Begin PBXContainerItemProxy section */
		E91B1D281E5C510800CF46E8 /* PBXContainerItemProxy */ = {
			isa = PBXContainerItemProxy;
			containerPortal = E91B1D031E5C510800CF46E8 /* Project object */;
			proxyType = 1;
			remoteGlobalIDString = E91B1D0A1E5C510800CF46E8;
			remoteInfo = HNLVideo;
		};
		E91B1D331E5C510800CF46E8 /* PBXContainerItemProxy */ = {
			isa = PBXContainerItemProxy;
			containerPortal = E91B1D031E5C510800CF46E8 /* Project object */;
			proxyType = 1;
			remoteGlobalIDString = E91B1D0A1E5C510800CF46E8;
			remoteInfo = HNLVideo;
		};
/* End PBXContainerItemProxy section */

/* Begin PBXFileReference section */
		1961A39EC1AE50C388F1382F /* Pods-HNLVideo.debug.xcconfig */ = {isa = PBXFileReference; includeInIndex = 1; lastKnownFileType = text.xcconfig; name = "Pods-HNLVideo.debug.xcconfig"; path = "Pods/Target Support Files/Pods-HNLVideo/Pods-HNLVideo.debug.xcconfig"; sourceTree = "<group>"; };
		1C09E0757FE55A0EC5C3CA8D /* libPods-HNLVideo.a */ = {isa = PBXFileReference; explicitFileType = archive.ar; includeInIndex = 0; path = "libPods-HNLVideo.a"; sourceTree = BUILT_PRODUCTS_DIR; };
		779CE7286A1C60189BD6960B /* Pods-HNLVideo.release.xcconfig */ = {isa = PBXFileReference; includeInIndex = 1; lastKnownFileType = text.xcconfig; name = "Pods-HNLVideo.release.xcconfig"; path = "Pods/Target Support Files/Pods-HNLVideo/Pods-HNLVideo.release.xcconfig"; sourceTree = "<group>"; };
		E9149C691E651F4900953394 /* CoreData.framework */ = {isa = PBXFileReference; lastKnownFileType = wrapper.framework; name = CoreData.framework; path = System/Library/Frameworks/CoreData.framework; sourceTree = SDKROOT; };
		E9149CAC1E66BCDB00953394 /* HNLCoreDataManager.h */ = {isa = PBXFileReference; fileEncoding = 4; lastKnownFileType = sourcecode.c.h; path = HNLCoreDataManager.h; sourceTree = "<group>"; };
		E9149CAD1E66BCDB00953394 /* HNLCoreDataManager.m */ = {isa = PBXFileReference; fileEncoding = 4; lastKnownFileType = sourcecode.c.objc; path = HNLCoreDataManager.m; sourceTree = "<group>"; };
		E91B1D0B1E5C510800CF46E8 /* HNLVideo.app */ = {isa = PBXFileReference; explicitFileType = wrapper.application; includeInIndex = 0; path = HNLVideo.app; sourceTree = BUILT_PRODUCTS_DIR; };
		E91B1D0F1E5C510800CF46E8 /* main.m */ = {isa = PBXFileReference; lastKnownFileType = sourcecode.c.objc; path = main.m; sourceTree = "<group>"; };
		E91B1D111E5C510800CF46E8 /* AppDelegate.h */ = {isa = PBXFileReference; lastKnownFileType = sourcecode.c.h; path = AppDelegate.h; sourceTree = "<group>"; };
		E91B1D121E5C510800CF46E8 /* AppDelegate.m */ = {isa = PBXFileReference; lastKnownFileType = sourcecode.c.objc; path = AppDelegate.m; sourceTree = "<group>"; };
		E91B1D141E5C510800CF46E8 /* ViewController.h */ = {isa = PBXFileReference; lastKnownFileType = sourcecode.c.h; path = ViewController.h; sourceTree = "<group>"; };
		E91B1D151E5C510800CF46E8 /* ViewController.m */ = {isa = PBXFileReference; lastKnownFileType = sourcecode.c.objc; path = ViewController.m; sourceTree = "<group>"; };
		E91B1D181E5C510800CF46E8 /* Base */ = {isa = PBXFileReference; lastKnownFileType = file.storyboard; name = Base; path = Base.lproj/Main.storyboard; sourceTree = "<group>"; };
		E91B1D1B1E5C510800CF46E8 /* HNLVideo.xcdatamodel */ = {isa = PBXFileReference; lastKnownFileType = wrapper.xcdatamodel; path = HNLVideo.xcdatamodel; sourceTree = "<group>"; };
		E91B1D1D1E5C510800CF46E8 /* Assets.xcassets */ = {isa = PBXFileReference; lastKnownFileType = folder.assetcatalog; path = Assets.xcassets; sourceTree = "<group>"; };
		E91B1D201E5C510800CF46E8 /* Base */ = {isa = PBXFileReference; lastKnownFileType = file.storyboard; name = Base; path = Base.lproj/LaunchScreen.storyboard; sourceTree = "<group>"; };
		E91B1D221E5C510800CF46E8 /* Info.plist */ = {isa = PBXFileReference; lastKnownFileType = text.plist.xml; path = Info.plist; sourceTree = "<group>"; };
		E91B1D271E5C510800CF46E8 /* HNLVideoTests.xctest */ = {isa = PBXFileReference; explicitFileType = wrapper.cfbundle; includeInIndex = 0; path = HNLVideoTests.xctest; sourceTree = BUILT_PRODUCTS_DIR; };
		E91B1D2B1E5C510800CF46E8 /* HNLVideoTests.m */ = {isa = PBXFileReference; lastKnownFileType = sourcecode.c.objc; path = HNLVideoTests.m; sourceTree = "<group>"; };
		E91B1D2D1E5C510800CF46E8 /* Info.plist */ = {isa = PBXFileReference; lastKnownFileType = text.plist.xml; path = Info.plist; sourceTree = "<group>"; };
		E91B1D321E5C510800CF46E8 /* HNLVideoUITests.xctest */ = {isa = PBXFileReference; explicitFileType = wrapper.cfbundle; includeInIndex = 0; path = HNLVideoUITests.xctest; sourceTree = BUILT_PRODUCTS_DIR; };
		E91B1D361E5C510800CF46E8 /* HNLVideoUITests.m */ = {isa = PBXFileReference; lastKnownFileType = sourcecode.c.objc; path = HNLVideoUITests.m; sourceTree = "<group>"; };
		E91B1D381E5C510800CF46E8 /* Info.plist */ = {isa = PBXFileReference; lastKnownFileType = text.plist.xml; path = Info.plist; sourceTree = "<group>"; };
		E9F84F251E6D0F0800A2BCA8 /* SMBasePlayViewController.h */ = {isa = PBXFileReference; fileEncoding = 4; lastKnownFileType = sourcecode.c.h; path = SMBasePlayViewController.h; sourceTree = "<group>"; };
		E9F84F261E6D0F0800A2BCA8 /* SMBasePlayViewController.m */ = {isa = PBXFileReference; fileEncoding = 4; lastKnownFileType = sourcecode.c.objc; path = SMBasePlayViewController.m; sourceTree = "<group>"; };
		E9F84F281E6D0FF900A2BCA8 /* SMPlayViewController.h */ = {isa = PBXFileReference; fileEncoding = 4; lastKnownFileType = sourcecode.c.h; path = SMPlayViewController.h; sourceTree = "<group>"; };
		E9F84F291E6D0FF900A2BCA8 /* SMPlayViewController.m */ = {isa = PBXFileReference; fileEncoding = 4; lastKnownFileType = sourcecode.c.objc; path = SMPlayViewController.m; sourceTree = "<group>"; };
		E9F84F2B1E6D335800A2BCA8 /* SMBaseViewController.h */ = {isa = PBXFileReference; fileEncoding = 4; lastKnownFileType = sourcecode.c.h; path = SMBaseViewController.h; sourceTree = "<group>"; };
		E9F84F2C1E6D335800A2BCA8 /* SMBaseViewController.m */ = {isa = PBXFileReference; fileEncoding = 4; lastKnownFileType = sourcecode.c.objc; path = SMBaseViewController.m; sourceTree = "<group>"; };
		E9F84F2E1E6D33BE00A2BCA8 /* SMBaseTableViewController.h */ = {isa = PBXFileReference; fileEncoding = 4; lastKnownFileType = sourcecode.c.h; path = SMBaseTableViewController.h; sourceTree = "<group>"; };
		E9F84F2F1E6D33BE00A2BCA8 /* SMBaseTableViewController.m */ = {isa = PBXFileReference; fileEncoding = 4; lastKnownFileType = sourcecode.c.objc; path = SMBaseTableViewController.m; sourceTree = "<group>"; };
		E9F84F311E6D33F800A2BCA8 /* SMTeachingListViewController.h */ = {isa = PBXFileReference; fileEncoding = 4; lastKnownFileType = sourcecode.c.h; path = SMTeachingListViewController.h; sourceTree = "<group>"; };
		E9F84F321E6D33F800A2BCA8 /* SMTeachingListViewController.m */ = {isa = PBXFileReference; fileEncoding = 4; lastKnownFileType = sourcecode.c.objc; path = SMTeachingListViewController.m; sourceTree = "<group>"; };
		E9F84F471E6D392900A2BCA8 /* SMUICommon.h */ = {isa = PBXFileReference; fileEncoding = 4; lastKnownFileType = sourcecode.c.h; path = SMUICommon.h; sourceTree = "<group>"; };
		E9F84F481E6D392900A2BCA8 /* SMUICommon.m */ = {isa = PBXFileReference; fileEncoding = 4; lastKnownFileType = sourcecode.c.objc; path = SMUICommon.m; sourceTree = "<group>"; };
/* End PBXFileReference section */

/* Begin PBXFrameworksBuildPhase section */
		E91B1D081E5C510800CF46E8 /* Frameworks */ = {
			isa = PBXFrameworksBuildPhase;
			buildActionMask = 2147483647;
			files = (
				20C5B2CFF4F481E48047C7DA /* libPods-HNLVideo.a in Frameworks */,
			);
			runOnlyForDeploymentPostprocessing = 0;
		};
		E91B1D241E5C510800CF46E8 /* Frameworks */ = {
			isa = PBXFrameworksBuildPhase;
			buildActionMask = 2147483647;
			files = (
			);
			runOnlyForDeploymentPostprocessing = 0;
		};
		E91B1D2F1E5C510800CF46E8 /* Frameworks */ = {
			isa = PBXFrameworksBuildPhase;
			buildActionMask = 2147483647;
			files = (
			);
			runOnlyForDeploymentPostprocessing = 0;
		};
/* End PBXFrameworksBuildPhase section */

/* Begin PBXGroup section */
		938F8F3594F975BFDBB45E8E /* Pods */ = {
			isa = PBXGroup;
			children = (
				1961A39EC1AE50C388F1382F /* Pods-HNLVideo.debug.xcconfig */,
				779CE7286A1C60189BD6960B /* Pods-HNLVideo.release.xcconfig */,
			);
			name = Pods;
			sourceTree = "<group>";
		};
		AEC4D85EF0BB80855DC65275 /* Frameworks */ = {
			isa = PBXGroup;
			children = (
				E9149C691E651F4900953394 /* CoreData.framework */,
				1C09E0757FE55A0EC5C3CA8D /* libPods-HNLVideo.a */,
			);
			name = Frameworks;
			sourceTree = "<group>";
		};
		E9149C7A1E66B18400953394 /* data */ = {
			isa = PBXGroup;
			children = (
				E91B1D1A1E5C510800CF46E8 /* HNLVideo.xcdatamodeld */,
			);
			path = data;
			sourceTree = "<group>";
		};
		E9149CAB1E66BCAF00953394 /* manager */ = {
			isa = PBXGroup;
			children = (
				E9149CAC1E66BCDB00953394 /* HNLCoreDataManager.h */,
				E9149CAD1E66BCDB00953394 /* HNLCoreDataManager.m */,
			);
			path = manager;
			sourceTree = "<group>";
		};
		E91B1D021E5C510800CF46E8 = {
			isa = PBXGroup;
			children = (
				E91B1D0D1E5C510800CF46E8 /* HNLVideo */,
				E91B1D2A1E5C510800CF46E8 /* HNLVideoTests */,
				E91B1D351E5C510800CF46E8 /* HNLVideoUITests */,
				E91B1D0C1E5C510800CF46E8 /* Products */,
				938F8F3594F975BFDBB45E8E /* Pods */,
				AEC4D85EF0BB80855DC65275 /* Frameworks */,
			);
			sourceTree = "<group>";
		};
		E91B1D0C1E5C510800CF46E8 /* Products */ = {
			isa = PBXGroup;
			children = (
				E91B1D0B1E5C510800CF46E8 /* HNLVideo.app */,
				E91B1D271E5C510800CF46E8 /* HNLVideoTests.xctest */,
				E91B1D321E5C510800CF46E8 /* HNLVideoUITests.xctest */,
			);
			name = Products;
			sourceTree = "<group>";
		};
		E91B1D0D1E5C510800CF46E8 /* HNLVideo */ = {
			isa = PBXGroup;
			children = (
				E9F84F461E6D391600A2BCA8 /* common */,
				E9F84F1F1E6D07BB00A2BCA8 /* module */,
				E9149CAB1E66BCAF00953394 /* manager */,
				E9149C7A1E66B18400953394 /* data */,
				E91B1D111E5C510800CF46E8 /* AppDelegate.h */,
				E91B1D121E5C510800CF46E8 /* AppDelegate.m */,
				E91B1D141E5C510800CF46E8 /* ViewController.h */,
				E91B1D151E5C510800CF46E8 /* ViewController.m */,
				E91B1D171E5C510800CF46E8 /* Main.storyboard */,
				E91B1D1D1E5C510800CF46E8 /* Assets.xcassets */,
				E91B1D1F1E5C510800CF46E8 /* LaunchScreen.storyboard */,
				E91B1D221E5C510800CF46E8 /* Info.plist */,
				E91B1D0E1E5C510800CF46E8 /* Supporting Files */,
			);
			path = HNLVideo;
			sourceTree = "<group>";
		};
		E91B1D0E1E5C510800CF46E8 /* Supporting Files */ = {
			isa = PBXGroup;
			children = (
				E91B1D0F1E5C510800CF46E8 /* main.m */,
			);
			name = "Supporting Files";
			sourceTree = "<group>";
		};
		E91B1D2A1E5C510800CF46E8 /* HNLVideoTests */ = {
			isa = PBXGroup;
			children = (
				E91B1D2B1E5C510800CF46E8 /* HNLVideoTests.m */,
				E91B1D2D1E5C510800CF46E8 /* Info.plist */,
			);
			path = HNLVideoTests;
			sourceTree = "<group>";
		};
		E91B1D351E5C510800CF46E8 /* HNLVideoUITests */ = {
			isa = PBXGroup;
			children = (
				E91B1D361E5C510800CF46E8 /* HNLVideoUITests.m */,
				E91B1D381E5C510800CF46E8 /* Info.plist */,
			);
			path = HNLVideoUITests;
			sourceTree = "<group>";
		};
		E9F84F1F1E6D07BB00A2BCA8 /* module */ = {
			isa = PBXGroup;
			children = (
				E9F84F241E6D0EE100A2BCA8 /* play */,
				E9F84F201E6D07BB00A2BCA8 /* indexList */,
			);
			path = module;
			sourceTree = "<group>";
		};
		E9F84F201E6D07BB00A2BCA8 /* indexList */ = {
			isa = PBXGroup;
			children = (
				E9F84F281E6D0FF900A2BCA8 /* SMPlayViewController.h */,
				E9F84F291E6D0FF900A2BCA8 /* SMPlayViewController.m */,
				E9F84F2B1E6D335800A2BCA8 /* SMBaseViewController.h */,
				E9F84F2C1E6D335800A2BCA8 /* SMBaseViewController.m */,
				E9F84F2E1E6D33BE00A2BCA8 /* SMBaseTableViewController.h */,
				E9F84F2F1E6D33BE00A2BCA8 /* SMBaseTableViewController.m */,
				E9F84F311E6D33F800A2BCA8 /* SMTeachingListViewController.h */,
				E9F84F321E6D33F800A2BCA8 /* SMTeachingListViewController.m */,
			);
			path = indexList;
			sourceTree = "<group>";
		};
		E9F84F241E6D0EE100A2BCA8 /* play */ = {
			isa = PBXGroup;
			children = (
				E9F84F251E6D0F0800A2BCA8 /* SMBasePlayViewController.h */,
				E9F84F261E6D0F0800A2BCA8 /* SMBasePlayViewController.m */,
			);
			path = play;
			sourceTree = "<group>";
		};
		E9F84F461E6D391600A2BCA8 /* common */ = {
			isa = PBXGroup;
			children = (
				E9F84F471E6D392900A2BCA8 /* SMUICommon.h */,
				E9F84F481E6D392900A2BCA8 /* SMUICommon.m */,
			);
			path = common;
			sourceTree = "<group>";
		};
/* End PBXGroup section */

/* Begin PBXNativeTarget section */
		E91B1D0A1E5C510800CF46E8 /* HNLVideo */ = {
			isa = PBXNativeTarget;
			buildConfigurationList = E91B1D3B1E5C510800CF46E8 /* Build configuration list for PBXNativeTarget "HNLVideo" */;
			buildPhases = (
				BC9EF2D00F8E1C11D13AC9B0 /* [CP] Check Pods Manifest.lock */,
				E91B1D071E5C510800CF46E8 /* Sources */,
				E91B1D081E5C510800CF46E8 /* Frameworks */,
				E91B1D091E5C510800CF46E8 /* Resources */,
				50C0A08D5E8623CAFDD0473F /* [CP] Embed Pods Frameworks */,
				FCBAABEA71F49CD034C2B3EE /* [CP] Copy Pods Resources */,
			);
			buildRules = (
			);
			dependencies = (
			);
			name = HNLVideo;
			productName = HNLVideo;
			productReference = E91B1D0B1E5C510800CF46E8 /* HNLVideo.app */;
			productType = "com.apple.product-type.application";
		};
		E91B1D261E5C510800CF46E8 /* HNLVideoTests */ = {
			isa = PBXNativeTarget;
			buildConfigurationList = E91B1D3E1E5C510800CF46E8 /* Build configuration list for PBXNativeTarget "HNLVideoTests" */;
			buildPhases = (
				E91B1D231E5C510800CF46E8 /* Sources */,
				E91B1D241E5C510800CF46E8 /* Frameworks */,
				E91B1D251E5C510800CF46E8 /* Resources */,
			);
			buildRules = (
			);
			dependencies = (
				E91B1D291E5C510800CF46E8 /* PBXTargetDependency */,
			);
			name = HNLVideoTests;
			productName = HNLVideoTests;
			productReference = E91B1D271E5C510800CF46E8 /* HNLVideoTests.xctest */;
			productType = "com.apple.product-type.bundle.unit-test";
		};
		E91B1D311E5C510800CF46E8 /* HNLVideoUITests */ = {
			isa = PBXNativeTarget;
			buildConfigurationList = E91B1D411E5C510800CF46E8 /* Build configuration list for PBXNativeTarget "HNLVideoUITests" */;
			buildPhases = (
				E91B1D2E1E5C510800CF46E8 /* Sources */,
				E91B1D2F1E5C510800CF46E8 /* Frameworks */,
				E91B1D301E5C510800CF46E8 /* Resources */,
			);
			buildRules = (
			);
			dependencies = (
				E91B1D341E5C510800CF46E8 /* PBXTargetDependency */,
			);
			name = HNLVideoUITests;
			productName = HNLVideoUITests;
			productReference = E91B1D321E5C510800CF46E8 /* HNLVideoUITests.xctest */;
			productType = "com.apple.product-type.bundle.ui-testing";
		};
/* End PBXNativeTarget section */

/* Begin PBXProject section */
		E91B1D031E5C510800CF46E8 /* Project object */ = {
			isa = PBXProject;
			attributes = {
				LastUpgradeCheck = 0820;
				ORGANIZATIONNAME = "谢印超";
				TargetAttributes = {
					E91B1D0A1E5C510800CF46E8 = {
						CreatedOnToolsVersion = 8.2.1;
						DevelopmentTeam = 94D4HDKNF7;
						ProvisioningStyle = Automatic;
					};
					E91B1D261E5C510800CF46E8 = {
						CreatedOnToolsVersion = 8.2.1;
						DevelopmentTeam = 94D4HDKNF7;
						ProvisioningStyle = Automatic;
						TestTargetID = E91B1D0A1E5C510800CF46E8;
					};
					E91B1D311E5C510800CF46E8 = {
						CreatedOnToolsVersion = 8.2.1;
						DevelopmentTeam = 94D4HDKNF7;
						ProvisioningStyle = Automatic;
						TestTargetID = E91B1D0A1E5C510800CF46E8;
					};
				};
			};
			buildConfigurationList = E91B1D061E5C510800CF46E8 /* Build configuration list for PBXProject "HNLVideo" */;
			compatibilityVersion = "Xcode 3.2";
			developmentRegion = English;
			hasScannedForEncodings = 0;
			knownRegions = (
				en,
				Base,
			);
			mainGroup = E91B1D021E5C510800CF46E8;
			productRefGroup = E91B1D0C1E5C510800CF46E8 /* Products */;
			projectDirPath = "";
			projectRoot = "";
			targets = (
				E91B1D0A1E5C510800CF46E8 /* HNLVideo */,
				E91B1D261E5C510800CF46E8 /* HNLVideoTests */,
				E91B1D311E5C510800CF46E8 /* HNLVideoUITests */,
			);
		};
/* End PBXProject section */

/* Begin PBXResourcesBuildPhase section */
		E91B1D091E5C510800CF46E8 /* Resources */ = {
			isa = PBXResourcesBuildPhase;
			buildActionMask = 2147483647;
			files = (
				E91B1D211E5C510800CF46E8 /* LaunchScreen.storyboard in Resources */,
				E91B1D1E1E5C510800CF46E8 /* Assets.xcassets in Resources */,
				E91B1D191E5C510800CF46E8 /* Main.storyboard in Resources */,
			);
			runOnlyForDeploymentPostprocessing = 0;
		};
		E91B1D251E5C510800CF46E8 /* Resources */ = {
			isa = PBXResourcesBuildPhase;
			buildActionMask = 2147483647;
			files = (
			);
			runOnlyForDeploymentPostprocessing = 0;
		};
		E91B1D301E5C510800CF46E8 /* Resources */ = {
			isa = PBXResourcesBuildPhase;
			buildActionMask = 2147483647;
			files = (
			);
			runOnlyForDeploymentPostprocessing = 0;
		};
/* End PBXResourcesBuildPhase section */

/* Begin PBXShellScriptBuildPhase section */
		50C0A08D5E8623CAFDD0473F /* [CP] Embed Pods Frameworks */ = {
			isa = PBXShellScriptBuildPhase;
			buildActionMask = 2147483647;
			files = (
			);
			inputPaths = (
			);
			name = "[CP] Embed Pods Frameworks";
			outputPaths = (
			);
			runOnlyForDeploymentPostprocessing = 0;
			shellPath = /bin/sh;
			shellScript = "\"${SRCROOT}/Pods/Target Support Files/Pods-HNLVideo/Pods-HNLVideo-frameworks.sh\"\n";
			showEnvVarsInLog = 0;
		};
		BC9EF2D00F8E1C11D13AC9B0 /* [CP] Check Pods Manifest.lock */ = {
			isa = PBXShellScriptBuildPhase;
			buildActionMask = 2147483647;
			files = (
			);
			inputPaths = (
			);
			name = "[CP] Check Pods Manifest.lock";
			outputPaths = (
			);
			runOnlyForDeploymentPostprocessing = 0;
			shellPath = /bin/sh;
			shellScript = "diff \"${PODS_ROOT}/../Podfile.lock\" \"${PODS_ROOT}/Manifest.lock\" > /dev/null\nif [ $? != 0 ] ; then\n    # print error to STDERR\n    echo \"error: The sandbox is not in sync with the Podfile.lock. Run 'pod install' or update your CocoaPods installation.\" >&2\n    exit 1\nfi\n";
			showEnvVarsInLog = 0;
		};
		FCBAABEA71F49CD034C2B3EE /* [CP] Copy Pods Resources */ = {
			isa = PBXShellScriptBuildPhase;
			buildActionMask = 2147483647;
			files = (
			);
			inputPaths = (
			);
			name = "[CP] Copy Pods Resources";
			outputPaths = (
			);
			runOnlyForDeploymentPostprocessing = 0;
			shellPath = /bin/sh;
			shellScript = "\"${SRCROOT}/Pods/Target Support Files/Pods-HNLVideo/Pods-HNLVideo-resources.sh\"\n";
			showEnvVarsInLog = 0;
		};
/* End PBXShellScriptBuildPhase section */

/* Begin PBXSourcesBuildPhase section */
		E91B1D071E5C510800CF46E8 /* Sources */ = {
			isa = PBXSourcesBuildPhase;
			buildActionMask = 2147483647;
			files = (
				E9F84F271E6D0F0800A2BCA8 /* SMBasePlayViewController.m in Sources */,
				E91B1D161E5C510800CF46E8 /* ViewController.m in Sources */,
				E9F84F301E6D33BE00A2BCA8 /* SMBaseTableViewController.m in Sources */,
				E9149CAE1E66BCDB00953394 /* HNLCoreDataManager.m in Sources */,
				E9F84F2D1E6D335800A2BCA8 /* SMBaseViewController.m in Sources */,
				E91B1D131E5C510800CF46E8 /* AppDelegate.m in Sources */,
				E9F84F2A1E6D0FF900A2BCA8 /* SMPlayViewController.m in Sources */,
				E91B1D1C1E5C510800CF46E8 /* HNLVideo.xcdatamodeld in Sources */,
				E91B1D101E5C510800CF46E8 /* main.m in Sources */,
				E9F84F331E6D33F800A2BCA8 /* SMTeachingListViewController.m in Sources */,
				E9F84F491E6D392900A2BCA8 /* SMUICommon.m in Sources */,
			);
			runOnlyForDeploymentPostprocessing = 0;
		};
		E91B1D231E5C510800CF46E8 /* Sources */ = {
			isa = PBXSourcesBuildPhase;
			buildActionMask = 2147483647;
			files = (
				E91B1D2C1E5C510800CF46E8 /* HNLVideoTests.m in Sources */,
			);
			runOnlyForDeploymentPostprocessing = 0;
		};
		E91B1D2E1E5C510800CF46E8 /* Sources */ = {
			isa = PBXSourcesBuildPhase;
			buildActionMask = 2147483647;
			files = (
				E91B1D371E5C510800CF46E8 /* HNLVideoUITests.m in Sources */,
			);
			runOnlyForDeploymentPostprocessing = 0;
		};
/* End PBXSourcesBuildPhase section */

/* Begin PBXTargetDependency section */
		E91B1D291E5C510800CF46E8 /* PBXTargetDependency */ = {
			isa = PBXTargetDependency;
			target = E91B1D0A1E5C510800CF46E8 /* HNLVideo */;
			targetProxy = E91B1D281E5C510800CF46E8 /* PBXContainerItemProxy */;
		};
		E91B1D341E5C510800CF46E8 /* PBXTargetDependency */ = {
			isa = PBXTargetDependency;
			target = E91B1D0A1E5C510800CF46E8 /* HNLVideo */;
			targetProxy = E91B1D331E5C510800CF46E8 /* PBXContainerItemProxy */;
		};
/* End PBXTargetDependency section */

/* Begin PBXVariantGroup section */
		E91B1D171E5C510800CF46E8 /* Main.storyboard */ = {
			isa = PBXVariantGroup;
			children = (
				E91B1D181E5C510800CF46E8 /* Base */,
			);
			name = Main.storyboard;
			sourceTree = "<group>";
		};
		E91B1D1F1E5C510800CF46E8 /* LaunchScreen.storyboard */ = {
			isa = PBXVariantGroup;
			children = (
				E91B1D201E5C510800CF46E8 /* Base */,
			);
			name = LaunchScreen.storyboard;
			sourceTree = "<group>";
		};
/* End PBXVariantGroup section */

/* Begin XCBuildConfiguration section */
		E91B1D391E5C510800CF46E8 /* Debug */ = {
			isa = XCBuildConfiguration;
			buildSettings = {
				ALWAYS_SEARCH_USER_PATHS = NO;
				CLANG_ANALYZER_NONNULL = YES;
				CLANG_CXX_LANGUAGE_STANDARD = "gnu++0x";
				CLANG_CXX_LIBRARY = "libc++";
				CLANG_ENABLE_MODULES = YES;
				CLANG_ENABLE_OBJC_ARC = YES;
				CLANG_WARN_BOOL_CONVERSION = YES;
				CLANG_WARN_CONSTANT_CONVERSION = YES;
				CLANG_WARN_DIRECT_OBJC_ISA_USAGE = YES_ERROR;
				CLANG_WARN_DOCUMENTATION_COMMENTS = YES;
				CLANG_WARN_EMPTY_BODY = YES;
				CLANG_WARN_ENUM_CONVERSION = YES;
				CLANG_WARN_INFINITE_RECURSION = YES;
				CLANG_WARN_INT_CONVERSION = YES;
				CLANG_WARN_OBJC_ROOT_CLASS = YES_ERROR;
				CLANG_WARN_SUSPICIOUS_MOVE = YES;
				CLANG_WARN_UNREACHABLE_CODE = YES;
				CLANG_WARN__DUPLICATE_METHOD_MATCH = YES;
				"CODE_SIGN_IDENTITY[sdk=iphoneos*]" = "iPhone Developer";
				COPY_PHASE_STRIP = NO;
				DEBUG_INFORMATION_FORMAT = dwarf;
				ENABLE_STRICT_OBJC_MSGSEND = YES;
				ENABLE_TESTABILITY = NO;
				GCC_C_LANGUAGE_STANDARD = gnu99;
				GCC_DYNAMIC_NO_PIC = NO;
				GCC_NO_COMMON_BLOCKS = YES;
				GCC_OPTIMIZATION_LEVEL = 0;
				GCC_PREPROCESSOR_DEFINITIONS = (
					"DEBUG=1",
					"$(inherited)",
				);
				GCC_WARN_64_TO_32_BIT_CONVERSION = YES;
				GCC_WARN_ABOUT_RETURN_TYPE = YES_ERROR;
				GCC_WARN_UNDECLARED_SELECTOR = YES;
				GCC_WARN_UNINITIALIZED_AUTOS = YES_AGGRESSIVE;
				GCC_WARN_UNUSED_FUNCTION = YES;
				GCC_WARN_UNUSED_VARIABLE = YES;
				IPHONEOS_DEPLOYMENT_TARGET = 9.1;
				MTL_ENABLE_DEBUG_INFO = YES;
				ONLY_ACTIVE_ARCH = YES;
				OTHER_LDFLAGS = "";
				SDKROOT = iphoneos;
			};
			name = Debug;
		};
		E91B1D3A1E5C510800CF46E8 /* Release */ = {
			isa = XCBuildConfiguration;
			buildSettings = {
				ALWAYS_SEARCH_USER_PATHS = NO;
				CLANG_ANALYZER_NONNULL = YES;
				CLANG_CXX_LANGUAGE_STANDARD = "gnu++0x";
				CLANG_CXX_LIBRARY = "libc++";
				CLANG_ENABLE_MODULES = YES;
				CLANG_ENABLE_OBJC_ARC = YES;
				CLANG_WARN_BOOL_CONVERSION = YES;
				CLANG_WARN_CONSTANT_CONVERSION = YES;
				CLANG_WARN_DIRECT_OBJC_ISA_USAGE = YES_ERROR;
				CLANG_WARN_DOCUMENTATION_COMMENTS = YES;
				CLANG_WARN_EMPTY_BODY = YES;
				CLANG_WARN_ENUM_CONVERSION = YES;
				CLANG_WARN_INFINITE_RECURSION = YES;
				CLANG_WARN_INT_CONVERSION = YES;
				CLANG_WARN_OBJC_ROOT_CLASS = YES_ERROR;
				CLANG_WARN_SUSPICIOUS_MOVE = YES;
				CLANG_WARN_UNREACHABLE_CODE = YES;
				CLANG_WARN__DUPLICATE_METHOD_MATCH = YES;
				"CODE_SIGN_IDENTITY[sdk=iphoneos*]" = "iPhone Developer";
				COPY_PHASE_STRIP = NO;
				DEBUG_INFORMATION_FORMAT = "dwarf-with-dsym";
				ENABLE_NS_ASSERTIONS = NO;
				ENABLE_STRICT_OBJC_MSGSEND = YES;
				ENABLE_TESTABILITY = NO;
				GCC_C_LANGUAGE_STANDARD = gnu99;
				GCC_NO_COMMON_BLOCKS = NO;
				GCC_WARN_64_TO_32_BIT_CONVERSION = YES;
				GCC_WARN_ABOUT_RETURN_TYPE = YES_ERROR;
				GCC_WARN_UNDECLARED_SELECTOR = YES;
				GCC_WARN_UNINITIALIZED_AUTOS = YES_AGGRESSIVE;
				GCC_WARN_UNUSED_FUNCTION = YES;
				GCC_WARN_UNUSED_VARIABLE = YES;
				IPHONEOS_DEPLOYMENT_TARGET = 9.1;
				MTL_ENABLE_DEBUG_INFO = NO;
				SDKROOT = iphoneos;
				VALIDATE_PRODUCT = YES;
			};
			name = Release;
		};
		E91B1D3C1E5C510800CF46E8 /* Debug */ = {
			isa = XCBuildConfiguration;
			baseConfigurationReference = 1961A39EC1AE50C388F1382F /* Pods-HNLVideo.debug.xcconfig */;
			buildSettings = {
				ASSETCATALOG_COMPILER_APPICON_NAME = AppIcon;
				DEVELOPMENT_TEAM = 94D4HDKNF7;
				INFOPLIST_FILE = HNLVideo/Info.plist;
				LD_RUNPATH_SEARCH_PATHS = "$(inherited) @executable_path/Frameworks";
				OTHER_LDFLAGS = (
					"-ObjC",
					"-l\"AFNetworking\"",
					"-l\"MMRecord\"",
					"-l\"Masonry\"",
					"-l\"SDWebImage\"",
					"-l\"ZFPlayer\"",
					"-framework",
					"\"CoreData\"",
					"-framework",
					"\"CoreGraphics\"",
					"-framework",
					"\"Foundation\"",
					"-framework",
					"\"ImageIO\"",
					"-framework",
					"\"MediaPlayer\"",
					"-framework",
					"\"MobileCoreServices\"",
					"-framework",
					"\"Security\"",
					"-framework",
					"\"SystemConfiguration\"",
					"-framework",
					"\"UIKit\"",
				);
				PRODUCT_BUNDLE_IDENTIFIER = com.hunvlang.com.HNLVideo;
				PRODUCT_NAME = "$(TARGET_NAME)";
			};
			name = Debug;
		};
		E91B1D3D1E5C510800CF46E8 /* Release */ = {
			isa = XCBuildConfiguration;
			baseConfigurationReference = 779CE7286A1C60189BD6960B /* Pods-HNLVideo.release.xcconfig */;
			buildSettings = {
				ASSETCATALOG_COMPILER_APPICON_NAME = AppIcon;
				DEVELOPMENT_TEAM = 94D4HDKNF7;
				INFOPLIST_FILE = HNLVideo/Info.plist;
				LD_RUNPATH_SEARCH_PATHS = "$(inherited) @executable_path/Frameworks";
				OTHER_LDFLAGS = (
					"-ObjC",
					"-l\"AFNetworking\"",
					"-l\"MMRecord\"",
					"-l\"Masonry\"",
					"-l\"SDWebImage\"",
					"-l\"ZFPlayer\"",
					"-framework",
					"\"CoreData\"",
					"-framework",
					"\"CoreGraphics\"",
					"-framework",
					"\"Foundation\"",
					"-framework",
					"\"ImageIO\"",
					"-framework",
					"\"MediaPlayer\"",
					"-framework",
					"\"MobileCoreServices\"",
					"-framework",
					"\"Security\"",
					"-framework",
					"\"SystemConfiguration\"",
					"-framework",
					"\"UIKit\"",
				);
				PRODUCT_BUNDLE_IDENTIFIER = com.hunvlang.com.HNLVideo;
				PRODUCT_NAME = "$(TARGET_NAME)";
			};
			name = Release;
		};
		E91B1D3F1E5C510800CF46E8 /* Debug */ = {
			isa = XCBuildConfiguration;
			buildSettings = {
				BUNDLE_LOADER = "$(TEST_HOST)";
				DEVELOPMENT_TEAM = 94D4HDKNF7;
				INFOPLIST_FILE = HNLVideoTests/Info.plist;
				LD_RUNPATH_SEARCH_PATHS = "$(inherited) @executable_path/Frameworks @loader_path/Frameworks";
				PRODUCT_BUNDLE_IDENTIFIER = com.hunvlang.com.HNLVideoTests;
				PRODUCT_NAME = "$(TARGET_NAME)";
				TEST_HOST = "$(BUILT_PRODUCTS_DIR)/HNLVideo.app/HNLVideo";
			};
			name = Debug;
		};
		E91B1D401E5C510800CF46E8 /* Release */ = {
			isa = XCBuildConfiguration;
			buildSettings = {
				BUNDLE_LOADER = "$(TEST_HOST)";
				DEVELOPMENT_TEAM = 94D4HDKNF7;
				INFOPLIST_FILE = HNLVideoTests/Info.plist;
				LD_RUNPATH_SEARCH_PATHS = "$(inherited) @executable_path/Frameworks @loader_path/Frameworks";
				PRODUCT_BUNDLE_IDENTIFIER = com.hunvlang.com.HNLVideoTests;
				PRODUCT_NAME = "$(TARGET_NAME)";
				TEST_HOST = "$(BUILT_PRODUCTS_DIR)/HNLVideo.app/HNLVideo";
			};
			name = Release;
		};
		E91B1D421E5C510800CF46E8 /* Debug */ = {
			isa = XCBuildConfiguration;
			buildSettings = {
				DEVELOPMENT_TEAM = 94D4HDKNF7;
				INFOPLIST_FILE = HNLVideoUITests/Info.plist;
				LD_RUNPATH_SEARCH_PATHS = "$(inherited) @executable_path/Frameworks @loader_path/Frameworks";
				PRODUCT_BUNDLE_IDENTIFIER = com.hunvlang.com.HNLVideoUITests;
				PRODUCT_NAME = "$(TARGET_NAME)";
				TEST_TARGET_NAME = HNLVideo;
			};
			name = Debug;
		};
		E91B1D431E5C510800CF46E8 /* Release */ = {
			isa = XCBuildConfiguration;
			buildSettings = {
				DEVELOPMENT_TEAM = 94D4HDKNF7;
				INFOPLIST_FILE = HNLVideoUITests/Info.plist;
				LD_RUNPATH_SEARCH_PATHS = "$(inherited) @executable_path/Frameworks @loader_path/Frameworks";
				PRODUCT_BUNDLE_IDENTIFIER = com.hunvlang.com.HNLVideoUITests;
				PRODUCT_NAME = "$(TARGET_NAME)";
				TEST_TARGET_NAME = HNLVideo;
			};
			name = Release;
		};
/* End XCBuildConfiguration section */

/* Begin XCConfigurationList section */
		E91B1D061E5C510800CF46E8 /* Build configuration list for PBXProject "HNLVideo" */ = {
			isa = XCConfigurationList;
			buildConfigurations = (
				E91B1D391E5C510800CF46E8 /* Debug */,
				E91B1D3A1E5C510800CF46E8 /* Release */,
			);
			defaultConfigurationIsVisible = 0;
			defaultConfigurationName = Release;
		};
		E91B1D3B1E5C510800CF46E8 /* Build configuration list for PBXNativeTarget "HNLVideo" */ = {
			isa = XCConfigurationList;
			buildConfigurations = (
				E91B1D3C1E5C510800CF46E8 /* Debug */,
				E91B1D3D1E5C510800CF46E8 /* Release */,
			);
			defaultConfigurationIsVisible = 0;
			defaultConfigurationName = Release;
		};
		E91B1D3E1E5C510800CF46E8 /* Build configuration list for PBXNativeTarget "HNLVideoTests" */ = {
			isa = XCConfigurationList;
			buildConfigurations = (
				E91B1D3F1E5C510800CF46E8 /* Debug */,
				E91B1D401E5C510800CF46E8 /* Release */,
			);
			defaultConfigurationIsVisible = 0;
			defaultConfigurationName = Release;
		};
		E91B1D411E5C510800CF46E8 /* Build configuration list for PBXNativeTarget "HNLVideoUITests" */ = {
			isa = XCConfigurationList;
			buildConfigurations = (
				E91B1D421E5C510800CF46E8 /* Debug */,
				E91B1D431E5C510800CF46E8 /* Release */,
			);
			defaultConfigurationIsVisible = 0;
			defaultConfigurationName = Release;
		};
/* End XCConfigurationList section */

/* Begin XCVersionGroup section */
		E91B1D1A1E5C510800CF46E8 /* HNLVideo.xcdatamodeld */ = {
			isa = XCVersionGroup;
			children = (
				E91B1D1B1E5C510800CF46E8 /* HNLVideo.xcdatamodel */,
			);
			currentVersion = E91B1D1B1E5C510800CF46E8 /* HNLVideo.xcdatamodel */;
			name = HNLVideo.xcdatamodeld;
			path = ../HNLVideo.xcdatamodeld;
			sourceTree = "<group>";
			versionGroupType = wrapper.xcdatamodel;
		};
/* End XCVersionGroup section */
	};
	rootObject = E91B1D031E5C510800CF46E8 /* Project object */;
}
